PODS:
  - WannaSDK (7.1.1)
  - WannaUI (1.0.6):
    - WannaSDK (~> 7.1)

DEPENDENCIES:
  - WannaUI

SPEC REPOS:
  https://github.com/CocoaPods/Specs.git:
    - WannaSDK
    - WannaUI

SPEC CHECKSUMS:
  WannaSDK: 3a16f5175acb9aac4aa35daef010e56b210c1335
  WannaUI: 214c6acaae5b3461261dde3657d61a9d79b8d813

PODFILE CHECKSUM: 13c2c67897ede5b42791e3e51293899ea72aa133

COCOAPODS: 1.15.2
