PODS:
  - WannaSDK (7.0.0)
  - WannaUI (1.0.3):
    - WannaSDK (~> 7.0)

DEPENDENCIES:
  - WannaUI

SPEC REPOS:
  https://github.com/CocoaPods/Specs.git:
    - WannaSDK
    - WannaUI

SPEC CHECKSUMS:
  WannaSDK: ae349c1cf2f606afd8293ddbdba553556ab86deb
  WannaUI: 34c6a086e7854c679352d0d2c1ddcdf98a820901

PODFILE CHECKSUM: 13c2c67897ede5b42791e3e51293899ea72aa133

COCOAPODS: 1.14.3
