PODS:
  - WannaSDK (6.0.1)
  - WannaUI (1.0.1):
    - WannaSDK (~> 6.0)

DEPENDENCIES:
  - WannaUI (~> 1.0)

SPEC REPOS:
  https://github.com/CocoaPods/Specs.git:
    - WannaSDK
    - WannaUI

SPEC CHECKSUMS:
  WannaSDK: 146b453258113007904fc9930d81fdee38116068
  WannaUI: 3f3b2606839e2cd32efb8edd975174051e4c8319

PODFILE CHECKSUM: 973ad8540afced2b4dd8161559313fa29f097081

COCOAPODS: 1.11.3
